
Microsoft Visual Studio Solution File, Format Version 12.00
# Visual Studio 14
VisualStudioVersion = 14.0.23107.0
MinimumVisualStudioVersion = 10.0.40219.1
Project("{FAE04EC0-301F-11D3-BF4B-00C04F79EFBC}") = "Tomato.Rpc.Json", "Tomato.Rpc.Json\Tomato.Rpc.Json.csproj", "{1CF50221-76C8-4249-A065-9A6AD051653B}"
EndProject
Project("{2150E333-8FDC-42A3-9474-1A3956D46DE8}") = "Test", "Test", "{1DCF34AB-E2C5-4514-8A01-8704198E9023}"
EndProject
Project("{FAE04EC0-301F-11D3-BF4B-00C04F79EFBC}") = "Tomato.Rpc.Test.UWP", "Test\Tomato.Rpc.Test.UWP\Tomato.Rpc.Test.UWP.csproj", "{B8B0502A-12BC-49A5-B194-CD879229DA8F}"
EndProject
Project("{FAE04EC0-301F-11D3-BF4B-00C04F79EFBC}") = "Tomato.Rpc.Test.Interface", "Tomato.Rpc.Test.Interface\Tomato.Rpc.Test.Interface.csproj", "{1BBFC7A6-298F-4A8C-B130-5092D0D361BD}"
EndProject
Global
	GlobalSection(SolutionConfigurationPlatforms) = preSolution
		Debug|Any CPU = Debug|Any CPU
		Debug|ARM = Debug|ARM
		Debug|x64 = Debug|x64
		Debug|x86 = Debug|x86
		Release|Any CPU = Release|Any CPU
		Release|ARM = Release|ARM
		Release|x64 = Release|x64
		Release|x86 = Release|x86
	EndGlobalSection
	GlobalSection(ProjectConfigurationPlatforms) = postSolution
		{1CF50221-76C8-4249-A065-9A6AD051653B}.Debug|Any CPU.ActiveCfg = Debug|Any CPU
		{1CF50221-76C8-4249-A065-9A6AD051653B}.Debug|Any CPU.Build.0 = Debug|Any CPU
		{1CF50221-76C8-4249-A065-9A6AD051653B}.Debug|ARM.ActiveCfg = Debug|ARM
		{1CF50221-76C8-4249-A065-9A6AD051653B}.Debug|ARM.Build.0 = Debug|ARM
		{1CF50221-76C8-4249-A065-9A6AD051653B}.Debug|x64.ActiveCfg = Debug|x64
		{1CF50221-76C8-4249-A065-9A6AD051653B}.Debug|x64.Build.0 = Debug|x64
		{1CF50221-76C8-4249-A065-9A6AD051653B}.Debug|x86.ActiveCfg = Debug|x86
		{1CF50221-76C8-4249-A065-9A6AD051653B}.Debug|x86.Build.0 = Debug|x86
		{1CF50221-76C8-4249-A065-9A6AD051653B}.Release|Any CPU.ActiveCfg = Release|Any CPU
		{1CF50221-76C8-4249-A065-9A6AD051653B}.Release|Any CPU.Build.0 = Release|Any CPU
		{1CF50221-76C8-4249-A065-9A6AD051653B}.Release|ARM.ActiveCfg = Release|ARM
		{1CF50221-76C8-4249-A065-9A6AD051653B}.Release|ARM.Build.0 = Release|ARM
		{1CF50221-76C8-4249-A065-9A6AD051653B}.Release|x64.ActiveCfg = Release|x64
		{1CF50221-76C8-4249-A065-9A6AD051653B}.Release|x64.Build.0 = Release|x64
		{1CF50221-76C8-4249-A065-9A6AD051653B}.Release|x86.ActiveCfg = Release|x86
		{1CF50221-76C8-4249-A065-9A6AD051653B}.Release|x86.Build.0 = Release|x86
		{B8B0502A-12BC-49A5-B194-CD879229DA8F}.Debug|Any CPU.ActiveCfg = Debug|x86
		{B8B0502A-12BC-49A5-B194-CD879229DA8F}.Debug|ARM.ActiveCfg = Debug|ARM
		{B8B0502A-12BC-49A5-B194-CD879229DA8F}.Debug|ARM.Build.0 = Debug|ARM
		{B8B0502A-12BC-49A5-B194-CD879229DA8F}.Debug|ARM.Deploy.0 = Debug|ARM
		{B8B0502A-12BC-49A5-B194-CD879229DA8F}.Debug|x64.ActiveCfg = Debug|x64
		{B8B0502A-12BC-49A5-B194-CD879229DA8F}.Debug|x64.Build.0 = Debug|x64
		{B8B0502A-12BC-49A5-B194-CD879229DA8F}.Debug|x64.Deploy.0 = Debug|x64
		{B8B0502A-12BC-49A5-B194-CD879229DA8F}.Debug|x86.ActiveCfg = Debug|x86
		{B8B0502A-12BC-49A5-B194-CD879229DA8F}.Debug|x86.Build.0 = Debug|x86
		{B8B0502A-12BC-49A5-B194-CD879229DA8F}.Debug|x86.Deploy.0 = Debug|x86
		{B8B0502A-12BC-49A5-B194-CD879229DA8F}.Release|Any CPU.ActiveCfg = Release|x86
		{B8B0502A-12BC-49A5-B194-CD879229DA8F}.Release|ARM.ActiveCfg = Release|ARM
		{B8B0502A-12BC-49A5-B194-CD879229DA8F}.Release|ARM.Build.0 = Release|ARM
		{B8B0502A-12BC-49A5-B194-CD879229DA8F}.Release|ARM.Deploy.0 = Release|ARM
		{B8B0502A-12BC-49A5-B194-CD879229DA8F}.Release|x64.ActiveCfg = Release|x64
		{B8B0502A-12BC-49A5-B194-CD879229DA8F}.Release|x64.Build.0 = Release|x64
		{B8B0502A-12BC-49A5-B194-CD879229DA8F}.Release|x64.Deploy.0 = Release|x64
		{B8B0502A-12BC-49A5-B194-CD879229DA8F}.Release|x86.ActiveCfg = Release|x86
		{B8B0502A-12BC-49A5-B194-CD879229DA8F}.Release|x86.Build.0 = Release|x86
		{B8B0502A-12BC-49A5-B194-CD879229DA8F}.Release|x86.Deploy.0 = Release|x86
		{1BBFC7A6-298F-4A8C-B130-5092D0D361BD}.Debug|Any CPU.ActiveCfg = Debug|Any CPU
		{1BBFC7A6-298F-4A8C-B130-5092D0D361BD}.Debug|Any CPU.Build.0 = Debug|Any CPU
		{1BBFC7A6-298F-4A8C-B130-5092D0D361BD}.Debug|ARM.ActiveCfg = Debug|ARM
		{1BBFC7A6-298F-4A8C-B130-5092D0D361BD}.Debug|ARM.Build.0 = Debug|ARM
		{1BBFC7A6-298F-4A8C-B130-5092D0D361BD}.Debug|x64.ActiveCfg = Debug|x64
		{1BBFC7A6-298F-4A8C-B130-5092D0D361BD}.Debug|x64.Build.0 = Debug|x64
		{1BBFC7A6-298F-4A8C-B130-5092D0D361BD}.Debug|x86.ActiveCfg = Debug|x86
		{1BBFC7A6-298F-4A8C-B130-5092D0D361BD}.Debug|x86.Build.0 = Debug|x86
		{1BBFC7A6-298F-4A8C-B130-5092D0D361BD}.Release|Any CPU.ActiveCfg = Release|Any CPU
		{1BBFC7A6-298F-4A8C-B130-5092D0D361BD}.Release|Any CPU.Build.0 = Release|Any CPU
		{1BBFC7A6-298F-4A8C-B130-5092D0D361BD}.Release|ARM.ActiveCfg = Release|ARM
		{1BBFC7A6-298F-4A8C-B130-5092D0D361BD}.Release|ARM.Build.0 = Release|ARM
		{1BBFC7A6-298F-4A8C-B130-5092D0D361BD}.Release|x64.ActiveCfg = Release|x64
		{1BBFC7A6-298F-4A8C-B130-5092D0D361BD}.Release|x64.Build.0 = Release|x64
		{1BBFC7A6-298F-4A8C-B130-5092D0D361BD}.Release|x86.ActiveCfg = Release|x86
		{1BBFC7A6-298F-4A8C-B130-5092D0D361BD}.Release|x86.Build.0 = Release|x86
	EndGlobalSection
	GlobalSection(SolutionProperties) = preSolution
		HideSolutionNode = FALSE
	EndGlobalSection
	GlobalSection(NestedProjects) = preSolution
		{B8B0502A-12BC-49A5-B194-CD879229DA8F} = {1DCF34AB-E2C5-4514-8A01-8704198E9023}
		{1BBFC7A6-298F-4A8C-B130-5092D0D361BD} = {1DCF34AB-E2C5-4514-8A01-8704198E9023}
	EndGlobalSection
EndGlobal
