
Microsoft Visual Studio Solution File, Format Version 12.00
# Visual Studio 14
VisualStudioVersion = 14.0.25420.1
MinimumVisualStudioVersion = 10.0.40219.1
Project("{FAE04EC0-301F-11D3-BF4B-00C04F79EFBC}") = "Tomato.Rpc.Core", "Tomato.Rpc.Core\Tomato.Rpc.Core.csproj", "{6AB83B65-08EA-4A90-9D23-9C3B2FC24836}"
EndProject
Project("{FAE04EC0-301F-11D3-BF4B-00C04F79EFBC}") = "Tomato.Rpc.Json", "Tomato.Rpc.Json\Tomato.Rpc.Json.csproj", "{1CF50221-76C8-4249-A065-9A6AD051653B}"
EndProject
Project("{FAE04EC0-301F-11D3-BF4B-00C04F79EFBC}") = "Tomato.Rpc.Proxy.DesignTime", "Tomato.Rpc.Proxy.DesignTime\Tomato.Rpc.Proxy.DesignTime.csproj", "{AEED2D89-BA06-4A66-876A-3D79D1FA6096}"
EndProject
Project("{2150E333-8FDC-42A3-9474-1A3956D46DE8}") = "Test", "Test", "{44C6352F-1311-4220-8ABD-E40A6229A3E4}"
EndProject
Project("{FAE04EC0-301F-11D3-BF4B-00C04F79EFBC}") = "Tomato.Rpc.Test", "Test\Tomato.Rpc.Test\Tomato.Rpc.Test.csproj", "{CD7726CB-61B6-47CD-9F05-A24DD7432327}"
	ProjectSection(ProjectDependencies) = postProject
		{AEED2D89-BA06-4A66-876A-3D79D1FA6096} = {AEED2D89-BA06-4A66-876A-3D79D1FA6096}
	EndProjectSection
EndProject
Global
	GlobalSection(SolutionConfigurationPlatforms) = preSolution
		Debug|Any CPU = Debug|Any CPU
		Release|Any CPU = Release|Any CPU
	EndGlobalSection
	GlobalSection(ProjectConfigurationPlatforms) = postSolution
		{6AB83B65-08EA-4A90-9D23-9C3B2FC24836}.Debug|Any CPU.ActiveCfg = Debug|Any CPU
		{6AB83B65-08EA-4A90-9D23-9C3B2FC24836}.Debug|Any CPU.Build.0 = Debug|Any CPU
		{6AB83B65-08EA-4A90-9D23-9C3B2FC24836}.Release|Any CPU.ActiveCfg = Release|Any CPU
		{6AB83B65-08EA-4A90-9D23-9C3B2FC24836}.Release|Any CPU.Build.0 = Release|Any CPU
		{1CF50221-76C8-4249-A065-9A6AD051653B}.Debug|Any CPU.ActiveCfg = Debug|Any CPU
		{1CF50221-76C8-4249-A065-9A6AD051653B}.Debug|Any CPU.Build.0 = Debug|Any CPU
		{1CF50221-76C8-4249-A065-9A6AD051653B}.Release|Any CPU.ActiveCfg = Release|Any CPU
		{1CF50221-76C8-4249-A065-9A6AD051653B}.Release|Any CPU.Build.0 = Release|Any CPU
		{AEED2D89-BA06-4A66-876A-3D79D1FA6096}.Debug|Any CPU.ActiveCfg = Debug|Any CPU
		{AEED2D89-BA06-4A66-876A-3D79D1FA6096}.Release|Any CPU.ActiveCfg = Release|Any CPU
		{AEED2D89-BA06-4A66-876A-3D79D1FA6096}.Release|Any CPU.Build.0 = Release|Any CPU
		{CD7726CB-61B6-47CD-9F05-A24DD7432327}.Debug|Any CPU.ActiveCfg = Debug|Any CPU
		{CD7726CB-61B6-47CD-9F05-A24DD7432327}.Debug|Any CPU.Build.0 = Debug|Any CPU
		{CD7726CB-61B6-47CD-9F05-A24DD7432327}.Release|Any CPU.ActiveCfg = Release|Any CPU
		{CD7726CB-61B6-47CD-9F05-A24DD7432327}.Release|Any CPU.Build.0 = Release|Any CPU
	EndGlobalSection
	GlobalSection(SolutionProperties) = preSolution
		HideSolutionNode = FALSE
	EndGlobalSection
	GlobalSection(NestedProjects) = preSolution
		{CD7726CB-61B6-47CD-9F05-A24DD7432327} = {44C6352F-1311-4220-8ABD-E40A6229A3E4}
	EndGlobalSection
EndGlobal
